
Microsoft Visual Studio Solution File, Format Version 12.00
# Visual Studio Version 17
VisualStudioVersion = 17.9.34902.65
MinimumVisualStudioVersion = 10.0.40219.1
Project("{9A19103F-16F7-4668-BE54-9A1E7A4F7556}") = "PartyApp.Business", "PartyApp.Business\PartyApp.Business.csproj", "{585EED85-53A2-487F-99EF-31D26D42A037}"
EndProject
Project("{9A19103F-16F7-4668-BE54-9A1E7A4F7556}") = "PartyApp.Data", "PartyApp.Data\PartyApp.Data.csproj", "{9D8C8744-73F3-4C34-9533-73A50BF7B19C}"
EndProject
Project("{9A19103F-16F7-4668-BE54-9A1E7A4F7556}") = "PartyApp.Entity", "PartyApp.Entity\PartyApp.Entity.csproj", "{6A123FD5-8571-4962-8E8C-D4646360753C}"
EndProject
Project("{9A19103F-16F7-4668-BE54-9A1E7A4F7556}") = "PartyApp.MVC", "PartyApp.MVC\PartyApp.MVC.csproj", "{4BD5A49A-432A-4B48-9515-BF3782FD6C69}"
EndProject
Project("{9A19103F-16F7-4668-BE54-9A1E7A4F7556}") = "PartyApp.Shared", "PartyApp.Shared\PartyApp.Shared.csproj", "{5DC4029E-42F0-4C46-B587-22E0AD71E56A}"
EndProject
Global
	GlobalSection(SolutionConfigurationPlatforms) = preSolution
		Debug|Any CPU = Debug|Any CPU
		Release|Any CPU = Release|Any CPU
	EndGlobalSection
	GlobalSection(ProjectConfigurationPlatforms) = postSolution
		{585EED85-53A2-487F-99EF-31D26D42A037}.Debug|Any CPU.ActiveCfg = Debug|Any CPU
		{585EED85-53A2-487F-99EF-31D26D42A037}.Debug|Any CPU.Build.0 = Debug|Any CPU
		{585EED85-53A2-487F-99EF-31D26D42A037}.Release|Any CPU.ActiveCfg = Release|Any CPU
		{585EED85-53A2-487F-99EF-31D26D42A037}.Release|Any CPU.Build.0 = Release|Any CPU
		{9D8C8744-73F3-4C34-9533-73A50BF7B19C}.Debug|Any CPU.ActiveCfg = Debug|Any CPU
		{9D8C8744-73F3-4C34-9533-73A50BF7B19C}.Debug|Any CPU.Build.0 = Debug|Any CPU
		{9D8C8744-73F3-4C34-9533-73A50BF7B19C}.Release|Any CPU.ActiveCfg = Release|Any CPU
		{9D8C8744-73F3-4C34-9533-73A50BF7B19C}.Release|Any CPU.Build.0 = Release|Any CPU
		{6A123FD5-8571-4962-8E8C-D4646360753C}.Debug|Any CPU.ActiveCfg = Debug|Any CPU
		{6A123FD5-8571-4962-8E8C-D4646360753C}.Debug|Any CPU.Build.0 = Debug|Any CPU
		{6A123FD5-8571-4962-8E8C-D4646360753C}.Release|Any CPU.ActiveCfg = Release|Any CPU
		{6A123FD5-8571-4962-8E8C-D4646360753C}.Release|Any CPU.Build.0 = Release|Any CPU
		{4BD5A49A-432A-4B48-9515-BF3782FD6C69}.Debug|Any CPU.ActiveCfg = Debug|Any CPU
		{4BD5A49A-432A-4B48-9515-BF3782FD6C69}.Debug|Any CPU.Build.0 = Debug|Any CPU
		{4BD5A49A-432A-4B48-9515-BF3782FD6C69}.Release|Any CPU.ActiveCfg = Release|Any CPU
		{4BD5A49A-432A-4B48-9515-BF3782FD6C69}.Release|Any CPU.Build.0 = Release|Any CPU
		{5DC4029E-42F0-4C46-B587-22E0AD71E56A}.Debug|Any CPU.ActiveCfg = Debug|Any CPU
		{5DC4029E-42F0-4C46-B587-22E0AD71E56A}.Debug|Any CPU.Build.0 = Debug|Any CPU
		{5DC4029E-42F0-4C46-B587-22E0AD71E56A}.Release|Any CPU.ActiveCfg = Release|Any CPU
		{5DC4029E-42F0-4C46-B587-22E0AD71E56A}.Release|Any CPU.Build.0 = Release|Any CPU
	EndGlobalSection
	GlobalSection(SolutionProperties) = preSolution
		HideSolutionNode = FALSE
	EndGlobalSection
	GlobalSection(ExtensibilityGlobals) = postSolution
		SolutionGuid = {47EF76EF-DBEE-463D-8F4F-2D8CD064FEE5}
	EndGlobalSection
EndGlobal
